
Microsoft Visual Studio Solution File, Format Version 12.00
# Visual Studio 15
VisualStudioVersion = 15.0.26730.15
MinimumVisualStudioVersion = 10.0.40219.1
Project("{FAE04EC0-301F-11D3-BF4B-00C04F79EFBC}") = "AsyncAwait", "AsyncAwait\AsyncAwait.csproj", "{0B0A3555-500E-4222-906B-D479EE3BD0F9}"
EndProject
Global
	GlobalSection(SolutionConfigurationPlatforms) = preSolution
		Debug|Any CPU = Debug|Any CPU
		Release|Any CPU = Release|Any CPU
	EndGlobalSection
	GlobalSection(ProjectConfigurationPlatforms) = postSolution
		{0B0A3555-500E-4222-906B-D479EE3BD0F9}.Debug|Any CPU.ActiveCfg = Debug|Any CPU
		{0B0A3555-500E-4222-906B-D479EE3BD0F9}.Debug|Any CPU.Build.0 = Debug|Any CPU
		{0B0A3555-500E-4222-906B-D479EE3BD0F9}.Release|Any CPU.ActiveCfg = Release|Any CPU
		{0B0A3555-500E-4222-906B-D479EE3BD0F9}.Release|Any CPU.Build.0 = Release|Any CPU
	EndGlobalSection
	GlobalSection(SolutionProperties) = preSolution
		HideSolutionNode = FALSE
	EndGlobalSection
	GlobalSection(ExtensibilityGlobals) = postSolution
		SolutionGuid = {E98014EA-8920-4AE4-80AD-A5C89A160E86}
	EndGlobalSection
EndGlobal
